
Microsoft Visual Studio Solution File, Format Version 12.00
# Visual Studio Version 16
VisualStudioVersion = 16.0.32228.343
MinimumVisualStudioVersion = 10.0.40219.1
Project("{FAE04EC0-301F-11D3-BF4B-00C04F79EFBC}") = "MyCoffeeApp.Android", "MyCoffeeApp\MyCoffeeApp.Android\MyCoffeeApp.Android.csproj", "{CCFD0C14-D1B6-4753-B85E-D680165AC9A9}"
EndProject
Project("{FAE04EC0-301F-11D3-BF4B-00C04F79EFBC}") = "MyCoffeeApp.iOS", "MyCoffeeApp\MyCoffeeApp.iOS\MyCoffeeApp.iOS.csproj", "{9FECEDB7-644A-4BC6-9423-43E4E8D77527}"
EndProject
Project("{FAE04EC0-301F-11D3-BF4B-00C04F79EFBC}") = "MyCoffeeApp", "MyCoffeeApp\MyCoffeeApp\MyCoffeeApp.csproj", "{4E8D4BCB-AF4B-4BDB-9A8A-08DF72BBDCE7}"
EndProject
Global
	GlobalSection(SolutionConfigurationPlatforms) = preSolution
		Debug|Any CPU = Debug|Any CPU
		Debug|iPhone = Debug|iPhone
		Debug|iPhoneSimulator = Debug|iPhoneSimulator
		Release|Any CPU = Release|Any CPU
		Release|iPhone = Release|iPhone
		Release|iPhoneSimulator = Release|iPhoneSimulator
	EndGlobalSection
	GlobalSection(ProjectConfigurationPlatforms) = postSolution
		{CCFD0C14-D1B6-4753-B85E-D680165AC9A9}.Debug|Any CPU.ActiveCfg = Debug|Any CPU
		{CCFD0C14-D1B6-4753-B85E-D680165AC9A9}.Debug|Any CPU.Build.0 = Debug|Any CPU
		{CCFD0C14-D1B6-4753-B85E-D680165AC9A9}.Debug|Any CPU.Deploy.0 = Debug|Any CPU
		{CCFD0C14-D1B6-4753-B85E-D680165AC9A9}.Debug|iPhone.ActiveCfg = Debug|Any CPU
		{CCFD0C14-D1B6-4753-B85E-D680165AC9A9}.Debug|iPhone.Build.0 = Debug|Any CPU
		{CCFD0C14-D1B6-4753-B85E-D680165AC9A9}.Debug|iPhone.Deploy.0 = Debug|Any CPU
		{CCFD0C14-D1B6-4753-B85E-D680165AC9A9}.Debug|iPhoneSimulator.ActiveCfg = Debug|Any CPU
		{CCFD0C14-D1B6-4753-B85E-D680165AC9A9}.Debug|iPhoneSimulator.Build.0 = Debug|Any CPU
		{CCFD0C14-D1B6-4753-B85E-D680165AC9A9}.Debug|iPhoneSimulator.Deploy.0 = Debug|Any CPU
		{CCFD0C14-D1B6-4753-B85E-D680165AC9A9}.Release|Any CPU.ActiveCfg = Release|Any CPU
		{CCFD0C14-D1B6-4753-B85E-D680165AC9A9}.Release|Any CPU.Build.0 = Release|Any CPU
		{CCFD0C14-D1B6-4753-B85E-D680165AC9A9}.Release|Any CPU.Deploy.0 = Release|Any CPU
		{CCFD0C14-D1B6-4753-B85E-D680165AC9A9}.Release|iPhone.ActiveCfg = Release|Any CPU
		{CCFD0C14-D1B6-4753-B85E-D680165AC9A9}.Release|iPhone.Build.0 = Release|Any CPU
		{CCFD0C14-D1B6-4753-B85E-D680165AC9A9}.Release|iPhone.Deploy.0 = Release|Any CPU
		{CCFD0C14-D1B6-4753-B85E-D680165AC9A9}.Release|iPhoneSimulator.ActiveCfg = Release|Any CPU
		{CCFD0C14-D1B6-4753-B85E-D680165AC9A9}.Release|iPhoneSimulator.Build.0 = Release|Any CPU
		{CCFD0C14-D1B6-4753-B85E-D680165AC9A9}.Release|iPhoneSimulator.Deploy.0 = Release|Any CPU
		{9FECEDB7-644A-4BC6-9423-43E4E8D77527}.Debug|Any CPU.ActiveCfg = Debug|iPhone
		{9FECEDB7-644A-4BC6-9423-43E4E8D77527}.Debug|Any CPU.Build.0 = Debug|iPhone
		{9FECEDB7-644A-4BC6-9423-43E4E8D77527}.Debug|Any CPU.Deploy.0 = Debug|iPhone
		{9FECEDB7-644A-4BC6-9423-43E4E8D77527}.Debug|iPhone.ActiveCfg = Debug|iPhone
		{9FECEDB7-644A-4BC6-9423-43E4E8D77527}.Debug|iPhone.Build.0 = Debug|iPhone
		{9FECEDB7-644A-4BC6-9423-43E4E8D77527}.Debug|iPhone.Deploy.0 = Debug|iPhone
		{9FECEDB7-644A-4BC6-9423-43E4E8D77527}.Debug|iPhoneSimulator.ActiveCfg = Debug|iPhoneSimulator
		{9FECEDB7-644A-4BC6-9423-43E4E8D77527}.Debug|iPhoneSimulator.Build.0 = Debug|iPhoneSimulator
		{9FECEDB7-644A-4BC6-9423-43E4E8D77527}.Debug|iPhoneSimulator.Deploy.0 = Debug|iPhoneSimulator
		{9FECEDB7-644A-4BC6-9423-43E4E8D77527}.Release|Any CPU.ActiveCfg = Release|iPhoneSimulator
		{9FECEDB7-644A-4BC6-9423-43E4E8D77527}.Release|Any CPU.Build.0 = Release|iPhoneSimulator
		{9FECEDB7-644A-4BC6-9423-43E4E8D77527}.Release|Any CPU.Deploy.0 = Release|iPhoneSimulator
		{9FECEDB7-644A-4BC6-9423-43E4E8D77527}.Release|iPhone.ActiveCfg = Release|iPhone
		{9FECEDB7-644A-4BC6-9423-43E4E8D77527}.Release|iPhone.Build.0 = Release|iPhone
		{9FECEDB7-644A-4BC6-9423-43E4E8D77527}.Release|iPhone.Deploy.0 = Release|iPhone
		{9FECEDB7-644A-4BC6-9423-43E4E8D77527}.Release|iPhoneSimulator.ActiveCfg = Release|iPhoneSimulator
		{9FECEDB7-644A-4BC6-9423-43E4E8D77527}.Release|iPhoneSimulator.Build.0 = Release|iPhoneSimulator
		{9FECEDB7-644A-4BC6-9423-43E4E8D77527}.Release|iPhoneSimulator.Deploy.0 = Release|iPhoneSimulator
		{4E8D4BCB-AF4B-4BDB-9A8A-08DF72BBDCE7}.Debug|Any CPU.ActiveCfg = Debug|Any CPU
		{4E8D4BCB-AF4B-4BDB-9A8A-08DF72BBDCE7}.Debug|Any CPU.Build.0 = Debug|Any CPU
		{4E8D4BCB-AF4B-4BDB-9A8A-08DF72BBDCE7}.Debug|Any CPU.Deploy.0 = Debug|Any CPU
		{4E8D4BCB-AF4B-4BDB-9A8A-08DF72BBDCE7}.Debug|iPhone.ActiveCfg = Debug|Any CPU
		{4E8D4BCB-AF4B-4BDB-9A8A-08DF72BBDCE7}.Debug|iPhone.Build.0 = Debug|Any CPU
		{4E8D4BCB-AF4B-4BDB-9A8A-08DF72BBDCE7}.Debug|iPhone.Deploy.0 = Debug|Any CPU
		{4E8D4BCB-AF4B-4BDB-9A8A-08DF72BBDCE7}.Debug|iPhoneSimulator.ActiveCfg = Debug|Any CPU
		{4E8D4BCB-AF4B-4BDB-9A8A-08DF72BBDCE7}.Debug|iPhoneSimulator.Build.0 = Debug|Any CPU
		{4E8D4BCB-AF4B-4BDB-9A8A-08DF72BBDCE7}.Debug|iPhoneSimulator.Deploy.0 = Debug|Any CPU
		{4E8D4BCB-AF4B-4BDB-9A8A-08DF72BBDCE7}.Release|Any CPU.ActiveCfg = Release|Any CPU
		{4E8D4BCB-AF4B-4BDB-9A8A-08DF72BBDCE7}.Release|Any CPU.Build.0 = Release|Any CPU
		{4E8D4BCB-AF4B-4BDB-9A8A-08DF72BBDCE7}.Release|Any CPU.Deploy.0 = Release|Any CPU
		{4E8D4BCB-AF4B-4BDB-9A8A-08DF72BBDCE7}.Release|iPhone.ActiveCfg = Release|Any CPU
		{4E8D4BCB-AF4B-4BDB-9A8A-08DF72BBDCE7}.Release|iPhone.Build.0 = Release|Any CPU
		{4E8D4BCB-AF4B-4BDB-9A8A-08DF72BBDCE7}.Release|iPhone.Deploy.0 = Release|Any CPU
		{4E8D4BCB-AF4B-4BDB-9A8A-08DF72BBDCE7}.Release|iPhoneSimulator.ActiveCfg = Release|Any CPU
		{4E8D4BCB-AF4B-4BDB-9A8A-08DF72BBDCE7}.Release|iPhoneSimulator.Build.0 = Release|Any CPU
		{4E8D4BCB-AF4B-4BDB-9A8A-08DF72BBDCE7}.Release|iPhoneSimulator.Deploy.0 = Release|Any CPU
	EndGlobalSection
	GlobalSection(SolutionProperties) = preSolution
		HideSolutionNode = FALSE
	EndGlobalSection
	GlobalSection(ExtensibilityGlobals) = postSolution
		SolutionGuid = {19D30731-319B-48BA-8FE9-68B13A36A77A}
	EndGlobalSection
EndGlobal
